
Microsoft Visual Studio Solution File, Format Version 12.00
# Visual Studio Version 17
VisualStudioVersion = 17.11.35208.52
MinimumVisualStudioVersion = 10.0.40219.1
Project("{FAE04EC0-301F-11D3-BF4B-00C04F79EFBC}") = "HttpGetProject", "HttpGetProject\HttpGetProject.csproj", "{C3488DB8-0689-43D9-878F-9A5E062EE54B}"
EndProject
Global
	GlobalSection(SolutionConfigurationPlatforms) = preSolution
		Debug|Any CPU = Debug|Any CPU
		Release|Any CPU = Release|Any CPU
	EndGlobalSection
	GlobalSection(ProjectConfigurationPlatforms) = postSolution
		{C3488DB8-0689-43D9-878F-9A5E062EE54B}.Debug|Any CPU.ActiveCfg = Debug|Any CPU
		{C3488DB8-0689-43D9-878F-9A5E062EE54B}.Debug|Any CPU.Build.0 = Debug|Any CPU
		{C3488DB8-0689-43D9-878F-9A5E062EE54B}.Release|Any CPU.ActiveCfg = Release|Any CPU
		{C3488DB8-0689-43D9-878F-9A5E062EE54B}.Release|Any CPU.Build.0 = Release|Any CPU
	EndGlobalSection
	GlobalSection(SolutionProperties) = preSolution
		HideSolutionNode = FALSE
	EndGlobalSection
	GlobalSection(ExtensibilityGlobals) = postSolution
		SolutionGuid = {741984CD-FE3F-4A5C-8AFB-B4D18EF5DA2F}
	EndGlobalSection
EndGlobal
