
Microsoft Visual Studio Solution File, Format Version 12.00
# Visual Studio Version 17
VisualStudioVersion = 17.11.35208.52
MinimumVisualStudioVersion = 10.0.40219.1
Project("{FAE04EC0-301F-11D3-BF4B-00C04F79EFBC}") = "CustomAttributeV2", "CustomAttributeV2\CustomAttributeV2.csproj", "{20B51E89-6FDA-4E7A-9B00-12545CE634B1}"
EndProject
Project("{FAE04EC0-301F-11D3-BF4B-00C04F79EFBC}") = "PermissionAttributeProject", "PermissionAttributeProject\PermissionAttributeProject.csproj", "{4126BD4B-B404-4943-B75D-919A50055595}"
EndProject
Global
	GlobalSection(SolutionConfigurationPlatforms) = preSolution
		Debug|Any CPU = Debug|Any CPU
		Release|Any CPU = Release|Any CPU
	EndGlobalSection
	GlobalSection(ProjectConfigurationPlatforms) = postSolution
		{20B51E89-6FDA-4E7A-9B00-12545CE634B1}.Debug|Any CPU.ActiveCfg = Debug|Any CPU
		{20B51E89-6FDA-4E7A-9B00-12545CE634B1}.Debug|Any CPU.Build.0 = Debug|Any CPU
		{20B51E89-6FDA-4E7A-9B00-12545CE634B1}.Release|Any CPU.ActiveCfg = Release|Any CPU
		{20B51E89-6FDA-4E7A-9B00-12545CE634B1}.Release|Any CPU.Build.0 = Release|Any CPU
		{4126BD4B-B404-4943-B75D-919A50055595}.Debug|Any CPU.ActiveCfg = Debug|Any CPU
		{4126BD4B-B404-4943-B75D-919A50055595}.Debug|Any CPU.Build.0 = Debug|Any CPU
		{4126BD4B-B404-4943-B75D-919A50055595}.Release|Any CPU.ActiveCfg = Release|Any CPU
		{4126BD4B-B404-4943-B75D-919A50055595}.Release|Any CPU.Build.0 = Release|Any CPU
	EndGlobalSection
	GlobalSection(SolutionProperties) = preSolution
		HideSolutionNode = FALSE
	EndGlobalSection
	GlobalSection(ExtensibilityGlobals) = postSolution
		SolutionGuid = {FFF6F217-1F45-4214-ABC4-6178F96EE00B}
	EndGlobalSection
EndGlobal
