
Microsoft Visual Studio Solution File, Format Version 12.00
# Visual Studio Version 17
VisualStudioVersion = 17.11.35208.52
MinimumVisualStudioVersion = 10.0.40219.1
Project("{FAE04EC0-301F-11D3-BF4B-00C04F79EFBC}") = "ReflectionProjectv2", "ReflectionProjectv2\ReflectionProjectv2.csproj", "{65996292-0448-456C-9BC3-C7E4D305E9F6}"
EndProject
Global
	GlobalSection(SolutionConfigurationPlatforms) = preSolution
		Debug|Any CPU = Debug|Any CPU
		Release|Any CPU = Release|Any CPU
	EndGlobalSection
	GlobalSection(ProjectConfigurationPlatforms) = postSolution
		{65996292-0448-456C-9BC3-C7E4D305E9F6}.Debug|Any CPU.ActiveCfg = Debug|Any CPU
		{65996292-0448-456C-9BC3-C7E4D305E9F6}.Debug|Any CPU.Build.0 = Debug|Any CPU
		{65996292-0448-456C-9BC3-C7E4D305E9F6}.Release|Any CPU.ActiveCfg = Release|Any CPU
		{65996292-0448-456C-9BC3-C7E4D305E9F6}.Release|Any CPU.Build.0 = Release|Any CPU
	EndGlobalSection
	GlobalSection(SolutionProperties) = preSolution
		HideSolutionNode = FALSE
	EndGlobalSection
	GlobalSection(ExtensibilityGlobals) = postSolution
		SolutionGuid = {F7AAC549-5088-4CCE-AF40-6C6A7A81B495}
	EndGlobalSection
EndGlobal
